
Microsoft Visual Studio Solution File, Format Version 12.00
# Visual Studio 15
VisualStudioVersion = 15.0.28307.168
MinimumVisualStudioVersion = 10.0.40219.1
Project("{FAE04EC0-301F-11D3-BF4B-00C04F79EFBC}") = "PetShopWeb", "PetShopWeb\PetShopWeb.csproj", "{2123A1B9-DFD8-4B7F-85B4-7B1ECDE8243F}"
EndProject
Project("{FAE04EC0-301F-11D3-BF4B-00C04F79EFBC}") = "DatabaseLayer", "DatabaseLayer\DatabaseLayer.csproj", "{2B8DB9D2-5C59-4397-9AEE-8D4516AC5C99}"
EndProject
Project("{FAE04EC0-301F-11D3-BF4B-00C04F79EFBC}") = "BusinessLayer", "BusinessLayer\BusinessLayer.csproj", "{E9701F4E-0C86-4F45-988C-7AD2B9A575C2}"
EndProject
Global
	GlobalSection(SolutionConfigurationPlatforms) = preSolution
		Debug|Any CPU = Debug|Any CPU
		Release|Any CPU = Release|Any CPU
	EndGlobalSection
	GlobalSection(ProjectConfigurationPlatforms) = postSolution
		{2123A1B9-DFD8-4B7F-85B4-7B1ECDE8243F}.Debug|Any CPU.ActiveCfg = Debug|Any CPU
		{2123A1B9-DFD8-4B7F-85B4-7B1ECDE8243F}.Debug|Any CPU.Build.0 = Debug|Any CPU
		{2123A1B9-DFD8-4B7F-85B4-7B1ECDE8243F}.Release|Any CPU.ActiveCfg = Release|Any CPU
		{2123A1B9-DFD8-4B7F-85B4-7B1ECDE8243F}.Release|Any CPU.Build.0 = Release|Any CPU
		{2B8DB9D2-5C59-4397-9AEE-8D4516AC5C99}.Debug|Any CPU.ActiveCfg = Debug|Any CPU
		{2B8DB9D2-5C59-4397-9AEE-8D4516AC5C99}.Debug|Any CPU.Build.0 = Debug|Any CPU
		{2B8DB9D2-5C59-4397-9AEE-8D4516AC5C99}.Release|Any CPU.ActiveCfg = Release|Any CPU
		{2B8DB9D2-5C59-4397-9AEE-8D4516AC5C99}.Release|Any CPU.Build.0 = Release|Any CPU
		{E9701F4E-0C86-4F45-988C-7AD2B9A575C2}.Debug|Any CPU.ActiveCfg = Debug|Any CPU
		{E9701F4E-0C86-4F45-988C-7AD2B9A575C2}.Debug|Any CPU.Build.0 = Debug|Any CPU
		{E9701F4E-0C86-4F45-988C-7AD2B9A575C2}.Release|Any CPU.ActiveCfg = Release|Any CPU
		{E9701F4E-0C86-4F45-988C-7AD2B9A575C2}.Release|Any CPU.Build.0 = Release|Any CPU
	EndGlobalSection
	GlobalSection(SolutionProperties) = preSolution
		HideSolutionNode = FALSE
	EndGlobalSection
	GlobalSection(ExtensibilityGlobals) = postSolution
		SolutionGuid = {60FA47D8-5DD4-48CC-9416-2098C67C670C}
	EndGlobalSection
EndGlobal
